
Microsoft Visual Studio Solution File, Format Version 12.00
# Visual Studio Version 17
VisualStudioVersion = 17.5.002.0
MinimumVisualStudioVersion = 10.0.40219.1
Project("{9A19103F-16F7-4668-BE54-9A1E7A4F7556}") = "TheCollector", "TheCollector\TheCollector.csproj", "{FA04F32E-21D2-464F-9196-B1180E3E40FB}"
EndProject
Global
	GlobalSection(SolutionConfigurationPlatforms) = preSolution
		Debug|Any CPU = Debug|Any CPU
		Release|Any CPU = Release|Any CPU
	EndGlobalSection
	GlobalSection(ProjectConfigurationPlatforms) = postSolution
		{FA04F32E-21D2-464F-9196-B1180E3E40FB}.Debug|Any CPU.ActiveCfg = Debug|Any CPU
		{FA04F32E-21D2-464F-9196-B1180E3E40FB}.Debug|Any CPU.Build.0 = Debug|Any CPU
		{FA04F32E-21D2-464F-9196-B1180E3E40FB}.Release|Any CPU.ActiveCfg = Release|Any CPU
		{FA04F32E-21D2-464F-9196-B1180E3E40FB}.Release|Any CPU.Build.0 = Release|Any CPU
	EndGlobalSection
	GlobalSection(SolutionProperties) = preSolution
		HideSolutionNode = FALSE
	EndGlobalSection
	GlobalSection(ExtensibilityGlobals) = postSolution
		SolutionGuid = {A4965B7C-CFF0-4A59-8235-FE5CF705E558}
	EndGlobalSection
EndGlobal
